{
    "name": "@plurnk/plurnk-mimetypes-embeddings",
    "version": "0.4.0",
    "lockfileVersion": 3,
    "requires": true,
    "packages": {
        "": {
            "name": "@plurnk/plurnk-mimetypes-embeddings",
            "version": "0.4.0",
            "license": "MIT",
            "dependencies": {
                "@huggingface/tokenizers": "^0.1.3",
                "onnxruntime-web": "^1.27.0"
            },
            "engines": {
                "node": ">=25"
            },
            "peerDependencies": {
                "@plurnk/plurnk-mimetypes": "^0.15.0"
            }
        },
        "node_modules/@huggingface/tokenizers": {
            "version": "0.1.3",
            "resolved": "https://registry.npmjs.org/@huggingface/tokenizers/-/tokenizers-0.1.3.tgz",
            "integrity": "sha512-8rF/RRT10u+kn7YuUbUg0OF30K8rjTc78aHpxT+qJ1uWSqxT1MHi8+9ltwYfkFYJzT/oS+qw3JVfHtNMGAdqyA==",
            "license": "Apache-2.0"
        },
        "node_modules/@jsep-plugin/assignment": {
            "version": "1.3.0",
            "resolved": "https://registry.npmjs.org/@jsep-plugin/assignment/-/assignment-1.3.0.tgz",
            "integrity": "sha512-VVgV+CXrhbMI3aSusQyclHkenWSAm95WaiKrMxRFam3JSUiIaQjoMIw2sEs/OX4XifnqeQUN4DYbJjlA8EfktQ==",
            "license": "MIT",
            "peer": true,
            "engines": {
                "node": ">= 10.16.0"
            },
            "peerDependencies": {
                "jsep": "^0.4.0||^1.0.0"
            }
        },
        "node_modules/@jsep-plugin/regex": {
            "version": "1.0.4",
            "resolved": "https://registry.npmjs.org/@jsep-plugin/regex/-/regex-1.0.4.tgz",
            "integrity": "sha512-q7qL4Mgjs1vByCaTnDFcBnV9HS7GVPJX5vyVoCgZHNSC9rjwIlmbXG5sUuorR5ndfHAIlJ8pVStxvjXHbNvtUg==",
            "license": "MIT",
            "peer": true,
            "engines": {
                "node": ">= 10.16.0"
            },
            "peerDependencies": {
                "jsep": "^0.4.0||^1.0.0"
            }
        },
        "node_modules/@plurnk/plurnk-mimetypes": {
            "version": "0.15.21",
            "resolved": "https://registry.npmjs.org/@plurnk/plurnk-mimetypes/-/plurnk-mimetypes-0.15.21.tgz",
            "integrity": "sha512-+Nd4CXga/srjxIVsaVrualMHULozkHyU6fA10mhob2N4EWhbPBOf13oekWApRah5RMX1tqmnCHqJhEczXKOFpw==",
            "license": "MIT",
            "peer": true,
            "dependencies": {
                "@plurnk/plurnk-mimetypes-application-json": "0.5.2",
                "@plurnk/plurnk-mimetypes-application-xml": "0.1.2",
                "@plurnk/plurnk-mimetypes-text-csv": "0.4.2",
                "@plurnk/plurnk-mimetypes-text-html": "0.6.2",
                "@plurnk/plurnk-mimetypes-text-markdown": "0.6.2",
                "@plurnk/plurnk-mimetypes-text-plain": "0.7.2",
                "@xmldom/xmldom": "^0.9.10",
                "antlr4ng": "^3.0.16",
                "jsonpath-plus": "^10.4.0",
                "smol-toml": "^1.6.1",
                "web-tree-sitter": "^0.25.10",
                "xpath": "^0.0.34",
                "yaml": "^2.9.0"
            },
            "bin": {
                "plurnk-mimetypes-compile": "bin/plurnk-mimetypes-compile.js"
            },
            "engines": {
                "node": ">=25"
            },
            "peerDependencies": {
                "antlr-ng": "^1.0.10"
            },
            "peerDependenciesMeta": {
                "antlr-ng": {
                    "optional": true
                }
            }
        },
        "node_modules/@plurnk/plurnk-mimetypes-application-json": {
            "version": "0.5.2",
            "resolved": "https://registry.npmjs.org/@plurnk/plurnk-mimetypes-application-json/-/plurnk-mimetypes-application-json-0.5.2.tgz",
            "integrity": "sha512-vte1sytCtNM91LijQrh3ntk9BJxwvCVTgrb1TLzap1j4/0XcKdo+txePoelv9V7v9M5IyYRHfjzNnODDIMDgIw==",
            "license": "MIT",
            "peer": true,
            "dependencies": {
                "jsonc-parser": "^3.3.1"
            },
            "engines": {
                "node": ">=25"
            },
            "peerDependencies": {
                "@plurnk/plurnk-mimetypes": "^0.15.0"
            }
        },
        "node_modules/@plurnk/plurnk-mimetypes-application-xml": {
            "version": "0.1.2",
            "resolved": "https://registry.npmjs.org/@plurnk/plurnk-mimetypes-application-xml/-/plurnk-mimetypes-application-xml-0.1.2.tgz",
            "integrity": "sha512-PQ3wKCKtpon73HkY9WzvINgGLDRZowNOjuVeC4YJgye9FzXFQNsjs0dVvspY6RvfGzeozVHsFeagqwVI/kediQ==",
            "license": "MIT",
            "peer": true,
            "dependencies": {
                "@xmldom/xmldom": "^0.9.10",
                "xpath": "^0.0.34"
            },
            "engines": {
                "node": ">=25"
            },
            "peerDependencies": {
                "@plurnk/plurnk-mimetypes": "^0.15.0"
            }
        },
        "node_modules/@plurnk/plurnk-mimetypes-text-csv": {
            "version": "0.4.2",
            "resolved": "https://registry.npmjs.org/@plurnk/plurnk-mimetypes-text-csv/-/plurnk-mimetypes-text-csv-0.4.2.tgz",
            "integrity": "sha512-qkScUrOaoTOmyuuaqfN3M28Unj9m4bJC0Uw1R98Nh7PJYfIbmIdfWFTcXLVpUZispf8qWjpFXKETYmoYAOH4OA==",
            "license": "MIT",
            "peer": true,
            "engines": {
                "node": ">=25"
            },
            "peerDependencies": {
                "@plurnk/plurnk-mimetypes": "^0.15.0"
            }
        },
        "node_modules/@plurnk/plurnk-mimetypes-text-html": {
            "version": "0.6.2",
            "resolved": "https://registry.npmjs.org/@plurnk/plurnk-mimetypes-text-html/-/plurnk-mimetypes-text-html-0.6.2.tgz",
            "integrity": "sha512-bZK8myLAkA60W2c1qLieKPb8kVTb+VXCqXRkO6onF99ppVzV+WH8B8cwvQtIkLxTL2I5NsANziRJqvqXmsjnBA==",
            "license": "MIT",
            "peer": true,
            "dependencies": {
                "@xmldom/xmldom": "^0.9.10",
                "parse5": "^8.0.1",
                "xpath": "^0.0.34"
            },
            "engines": {
                "node": ">=25"
            },
            "peerDependencies": {
                "@plurnk/plurnk-mimetypes": "^0.15.0"
            }
        },
        "node_modules/@plurnk/plurnk-mimetypes-text-markdown": {
            "version": "0.6.2",
            "resolved": "https://registry.npmjs.org/@plurnk/plurnk-mimetypes-text-markdown/-/plurnk-mimetypes-text-markdown-0.6.2.tgz",
            "integrity": "sha512-SPcBS/tnnOPw6GYVGiOC/ZfLW2eXRFroWfoLh5en3b2C9DVs0FfZwVSIeDeVylbEQLpYyPfwIXJ0x9RnNg60hQ==",
            "license": "MIT",
            "peer": true,
            "dependencies": {
                "marked": "^15.0.0"
            },
            "engines": {
                "node": ">=25"
            },
            "peerDependencies": {
                "@plurnk/plurnk-mimetypes": "^0.15.0"
            }
        },
        "node_modules/@plurnk/plurnk-mimetypes-text-plain": {
            "version": "0.7.2",
            "resolved": "https://registry.npmjs.org/@plurnk/plurnk-mimetypes-text-plain/-/plurnk-mimetypes-text-plain-0.7.2.tgz",
            "integrity": "sha512-M+lRG6mVao6UeliOqC9wCivWgL701ZJ1zs4y91dfP+3qoztPQ1nh0BVUqRMTZ+91aVSsdkoW1MVccl/EuXw4Fw==",
            "license": "MIT",
            "peer": true,
            "engines": {
                "node": ">=25"
            },
            "peerDependencies": {
                "@plurnk/plurnk-mimetypes": "^0.15.0"
            }
        },
        "node_modules/@protobufjs/aspromise": {
            "version": "1.1.2",
            "resolved": "https://registry.npmjs.org/@protobufjs/aspromise/-/aspromise-1.1.2.tgz",
            "integrity": "sha512-j+gKExEuLmKwvz3OgROXtrJ2UG2x8Ch2YZUxahh+s1F2HZ+wAceUNLkvy6zKCPVRkU++ZWQrdxsUeQXmcg4uoQ==",
            "license": "BSD-3-Clause"
        },
        "node_modules/@protobufjs/base64": {
            "version": "1.1.2",
            "resolved": "https://registry.npmjs.org/@protobufjs/base64/-/base64-1.1.2.tgz",
            "integrity": "sha512-AZkcAA5vnN/v4PDqKyMR5lx7hZttPDgClv83E//FMNhR2TMcLUhfRUBHCmSl0oi9zMgDDqRUJkSxO3wm85+XLg==",
            "license": "BSD-3-Clause"
        },
        "node_modules/@protobufjs/codegen": {
            "version": "2.0.5",
            "resolved": "https://registry.npmjs.org/@protobufjs/codegen/-/codegen-2.0.5.tgz",
            "integrity": "sha512-zgXFLzW3Ap33e6d0Wlj4MGIm6Ce8O89n/apUaGNB/jx+hw+ruWEp7EwGUshdLKVRCxZW12fp9r40E1mQrf/34g==",
            "license": "BSD-3-Clause"
        },
        "node_modules/@protobufjs/eventemitter": {
            "version": "1.1.1",
            "resolved": "https://registry.npmjs.org/@protobufjs/eventemitter/-/eventemitter-1.1.1.tgz",
            "integrity": "sha512-vW1GmwMZNnL+gMRaovlh9yZX74kc+TTU3FObkkurpMaRtBfLP3ldjS9KQWlwZgraRE0+dheEEoAxdzcJQ8eXZg==",
            "license": "BSD-3-Clause"
        },
        "node_modules/@protobufjs/fetch": {
            "version": "1.1.1",
            "resolved": "https://registry.npmjs.org/@protobufjs/fetch/-/fetch-1.1.1.tgz",
            "integrity": "sha512-GpptLrs57adMSuHi3VNj0mAF8dwh36LMaYF6XyJ6JMWlVsc+t42tm1HSEDmOs3A8fC9yyeisgLhsTVQokOZ0zw==",
            "license": "BSD-3-Clause",
            "dependencies": {
                "@protobufjs/aspromise": "^1.1.1"
            }
        },
        "node_modules/@protobufjs/float": {
            "version": "1.0.2",
            "resolved": "https://registry.npmjs.org/@protobufjs/float/-/float-1.0.2.tgz",
            "integrity": "sha512-Ddb+kVXlXst9d+R9PfTIxh1EdNkgoRe5tOX6t01f1lYWOvJnSPDBlG241QLzcyPdoNTsblLUdujGSE4RzrTZGQ==",
            "license": "BSD-3-Clause"
        },
        "node_modules/@protobufjs/path": {
            "version": "1.1.2",
            "resolved": "https://registry.npmjs.org/@protobufjs/path/-/path-1.1.2.tgz",
            "integrity": "sha512-6JOcJ5Tm08dOHAbdR3GrvP+yUUfkjG5ePsHYczMFLq3ZmMkAD98cDgcT2iA1lJ9NVwFd4tH/iSSoe44YWkltEA==",
            "license": "BSD-3-Clause"
        },
        "node_modules/@protobufjs/pool": {
            "version": "1.1.0",
            "resolved": "https://registry.npmjs.org/@protobufjs/pool/-/pool-1.1.0.tgz",
            "integrity": "sha512-0kELaGSIDBKvcgS4zkjz1PeddatrjYcmMWOlAuAPwAeccUrPHdUqo/J6LiymHHEiJT5NrF1UVwxY14f+fy4WQw==",
            "license": "BSD-3-Clause"
        },
        "node_modules/@protobufjs/utf8": {
            "version": "1.1.1",
            "resolved": "https://registry.npmjs.org/@protobufjs/utf8/-/utf8-1.1.1.tgz",
            "integrity": "sha512-oOAWABowe8EAbMyWKM0tYDKi8Yaox52D+HWZhAIJqQXbqe0xI/GV7FhLWqlEKreMkfDjshR5FKgi3mnle0h6Eg==",
            "license": "BSD-3-Clause"
        },
        "node_modules/@types/node": {
            "version": "26.0.0",
            "resolved": "https://registry.npmjs.org/@types/node/-/node-26.0.0.tgz",
            "integrity": "sha512-vf2YFi1iY9lHGwNJMs01biZFbKJkrZR1T6/MlzjhJLPdntOHLhTrDSnSVcdtvjihi4VQNlrFRIxLsDBlQpAipA==",
            "license": "MIT",
            "dependencies": {
                "undici-types": "~8.3.0"
            }
        },
        "node_modules/@xmldom/xmldom": {
            "version": "0.9.10",
            "resolved": "https://registry.npmjs.org/@xmldom/xmldom/-/xmldom-0.9.10.tgz",
            "integrity": "sha512-A9gOqLdi6cV4ibazAjcQufGj0B1y/vDqYrcuP6d/6x8P27gRS8643Dj9o1dEKtB6O7fwxb2FgBmJS2mX7gpvdw==",
            "license": "MIT",
            "peer": true,
            "engines": {
                "node": ">=14.6"
            }
        },
        "node_modules/antlr4ng": {
            "version": "3.0.16",
            "resolved": "https://registry.npmjs.org/antlr4ng/-/antlr4ng-3.0.16.tgz",
            "integrity": "sha512-DQuJkC7kX3xunfF4K2KsWTSvoxxslv+FQp/WHQZTJSsH2Ec3QfFmrxC3Nky2ok9yglXn6nHM4zUaVDxcN5f6kA==",
            "license": "BSD-3-Clause",
            "peer": true
        },
        "node_modules/entities": {
            "version": "8.0.0",
            "resolved": "https://registry.npmjs.org/entities/-/entities-8.0.0.tgz",
            "integrity": "sha512-zwfzJecQ/Uej6tusMqwAqU/6KL2XaB2VZ2Jg54Je6ahNBGNH6Ek6g3jjNCF0fG9EWQKGZNddNjU5F1ZQn/sBnA==",
            "license": "BSD-2-Clause",
            "peer": true,
            "engines": {
                "node": ">=20.19.0"
            },
            "funding": {
                "url": "https://github.com/fb55/entities?sponsor=1"
            }
        },
        "node_modules/flatbuffers": {
            "version": "25.9.23",
            "resolved": "https://registry.npmjs.org/flatbuffers/-/flatbuffers-25.9.23.tgz",
            "integrity": "sha512-MI1qs7Lo4Syw0EOzUl0xjs2lsoeqFku44KpngfIduHBYvzm8h2+7K8YMQh1JtVVVrUvhLpNwqVi4DERegUJhPQ==",
            "license": "Apache-2.0"
        },
        "node_modules/guid-typescript": {
            "version": "1.0.9",
            "resolved": "https://registry.npmjs.org/guid-typescript/-/guid-typescript-1.0.9.tgz",
            "integrity": "sha512-Y8T4vYhEfwJOTbouREvG+3XDsjr8E3kIr7uf+JZ0BYloFsttiHU0WfvANVsR7TxNUJa/WpCnw/Ino/p+DeBhBQ==",
            "license": "ISC"
        },
        "node_modules/jsep": {
            "version": "1.4.0",
            "resolved": "https://registry.npmjs.org/jsep/-/jsep-1.4.0.tgz",
            "integrity": "sha512-B7qPcEVE3NVkmSJbaYxvv4cHkVW7DQsZz13pUMrfS8z8Q/BuShN+gcTXrUlPiGqM2/t/EEaI030bpxMqY8gMlw==",
            "license": "MIT",
            "peer": true,
            "engines": {
                "node": ">= 10.16.0"
            }
        },
        "node_modules/jsonc-parser": {
            "version": "3.3.1",
            "resolved": "https://registry.npmjs.org/jsonc-parser/-/jsonc-parser-3.3.1.tgz",
            "integrity": "sha512-HUgH65KyejrUFPvHFPbqOY0rsFip3Bo5wb4ngvdi1EpCYWUQDC5V+Y7mZws+DLkr4M//zQJoanu1SP+87Dv1oQ==",
            "license": "MIT",
            "peer": true
        },
        "node_modules/jsonpath-plus": {
            "version": "10.4.0",
            "resolved": "https://registry.npmjs.org/jsonpath-plus/-/jsonpath-plus-10.4.0.tgz",
            "integrity": "sha512-T92WWatJXmhBbKsgH/0hl+jxjdXrifi5IKeMY02DWggRxX0UElcbVzPlmgLTbvsPeW1PasQ6xE2Q75stkhGbsA==",
            "license": "MIT",
            "peer": true,
            "dependencies": {
                "@jsep-plugin/assignment": "^1.3.0",
                "@jsep-plugin/regex": "^1.0.4",
                "jsep": "^1.4.0"
            },
            "bin": {
                "jsonpath": "bin/jsonpath-cli.js",
                "jsonpath-plus": "bin/jsonpath-cli.js"
            },
            "engines": {
                "node": ">=18.0.0"
            }
        },
        "node_modules/long": {
            "version": "5.3.2",
            "resolved": "https://registry.npmjs.org/long/-/long-5.3.2.tgz",
            "integrity": "sha512-mNAgZ1GmyNhD7AuqnTG3/VQ26o760+ZYBPKjPvugO8+nLbYfX6TVpJPseBvopbdY+qpZ/lKUnmEc1LeZYS3QAA==",
            "license": "Apache-2.0"
        },
        "node_modules/marked": {
            "version": "15.0.12",
            "resolved": "https://registry.npmjs.org/marked/-/marked-15.0.12.tgz",
            "integrity": "sha512-8dD6FusOQSrpv9Z1rdNMdlSgQOIP880DHqnohobOmYLElGEqAL/JvxvuxZO16r4HtjTlfPRDC1hbvxC9dPN2nA==",
            "license": "MIT",
            "peer": true,
            "bin": {
                "marked": "bin/marked.js"
            },
            "engines": {
                "node": ">= 18"
            }
        },
        "node_modules/onnxruntime-common": {
            "version": "1.27.0",
            "resolved": "https://registry.npmjs.org/onnxruntime-common/-/onnxruntime-common-1.27.0.tgz",
            "integrity": "sha512-3KxL5wIVqa8Ex08jxSzncm9CMgw8CjOFyOQ7SxvG9o0cVLlhTNKXyIQuTbtX4tGPJEf73OER2xrjt4HJSBL4ow==",
            "license": "MIT"
        },
        "node_modules/onnxruntime-web": {
            "version": "1.27.0",
            "resolved": "https://registry.npmjs.org/onnxruntime-web/-/onnxruntime-web-1.27.0.tgz",
            "integrity": "sha512-ogDLsqIozHZwifPuN37OproAo0byX6t43/bP8GzeZWBWD6MOGExswFAx3up4NS/vvWBOg2u2PXomDt3rMmdQSg==",
            "license": "MIT",
            "dependencies": {
                "flatbuffers": "^25.1.24",
                "guid-typescript": "^1.0.9",
                "long": "^5.2.3",
                "onnxruntime-common": "1.27.0",
                "platform": "^1.3.6",
                "protobufjs": "^7.2.4"
            }
        },
        "node_modules/parse5": {
            "version": "8.0.1",
            "resolved": "https://registry.npmjs.org/parse5/-/parse5-8.0.1.tgz",
            "integrity": "sha512-z1e/HMG90obSGeidlli3hj7cbocou0/wa5HacvI3ASx34PecNjNQeaHNo5WIZpWofN9kgkqV1q5YvXe3F0FoPw==",
            "license": "MIT",
            "peer": true,
            "dependencies": {
                "entities": "^8.0.0"
            },
            "funding": {
                "url": "https://github.com/inikulin/parse5?sponsor=1"
            }
        },
        "node_modules/platform": {
            "version": "1.3.6",
            "resolved": "https://registry.npmjs.org/platform/-/platform-1.3.6.tgz",
            "integrity": "sha512-fnWVljUchTro6RiCFvCXBbNhJc2NijN7oIQxbwsyL0buWJPG85v81ehlHI9fXrJsMNgTofEoWIQeClKpgxFLrg==",
            "license": "MIT"
        },
        "node_modules/protobufjs": {
            "version": "7.6.4",
            "resolved": "https://registry.npmjs.org/protobufjs/-/protobufjs-7.6.4.tgz",
            "integrity": "sha512-RJJPTTpvFfHcWLkIa2JFWK4XvtSzS0yEWDmunqHXli1h3JlkbcQZXDZdcWxv+JK3Xsl5/UFDPZ0iGm7DAengYw==",
            "hasInstallScript": true,
            "license": "BSD-3-Clause",
            "dependencies": {
                "@protobufjs/aspromise": "^1.1.2",
                "@protobufjs/base64": "^1.1.2",
                "@protobufjs/codegen": "^2.0.5",
                "@protobufjs/eventemitter": "^1.1.1",
                "@protobufjs/fetch": "^1.1.1",
                "@protobufjs/float": "^1.0.2",
                "@protobufjs/path": "^1.1.2",
                "@protobufjs/pool": "^1.1.0",
                "@protobufjs/utf8": "^1.1.1",
                "@types/node": ">=13.7.0",
                "long": "^5.3.2"
            },
            "engines": {
                "node": ">=12.0.0"
            }
        },
        "node_modules/smol-toml": {
            "version": "1.6.1",
            "resolved": "https://registry.npmjs.org/smol-toml/-/smol-toml-1.6.1.tgz",
            "integrity": "sha512-dWUG8F5sIIARXih1DTaQAX4SsiTXhInKf1buxdY9DIg4ZYPZK5nGM1VRIYmEbDbsHt7USo99xSLFu5Q1IqTmsg==",
            "license": "BSD-3-Clause",
            "peer": true,
            "engines": {
                "node": ">= 18"
            },
            "funding": {
                "url": "https://github.com/sponsors/cyyynthia"
            }
        },
        "node_modules/undici-types": {
            "version": "8.3.0",
            "resolved": "https://registry.npmjs.org/undici-types/-/undici-types-8.3.0.tgz",
            "integrity": "sha512-j375ScV60dom+YkPFIfTLcOiPxkN/buHz5GobjLhixFuANaNs3C9l4GmrWqejgXWJ7BbJcFYpTEUkS1Ge8bpZQ==",
            "license": "MIT"
        },
        "node_modules/web-tree-sitter": {
            "version": "0.25.10",
            "resolved": "https://registry.npmjs.org/web-tree-sitter/-/web-tree-sitter-0.25.10.tgz",
            "integrity": "sha512-Y09sF44/13XvgVKgO2cNDw5rGk6s26MgoZPXLESvMXeefBf7i6/73eFurre0IsTW6E14Y0ArIzhUMmjoc7xyzA==",
            "license": "MIT",
            "peer": true,
            "peerDependencies": {
                "@types/emscripten": "^1.40.0"
            },
            "peerDependenciesMeta": {
                "@types/emscripten": {
                    "optional": true
                }
            }
        },
        "node_modules/xpath": {
            "version": "0.0.34",
            "resolved": "https://registry.npmjs.org/xpath/-/xpath-0.0.34.tgz",
            "integrity": "sha512-FxF6+rkr1rNSQrhUNYrAFJpRXNzlDoMxeXN5qI84939ylEv3qqPFKa85Oxr6tDaJKqwW6KKyo2v26TSv3k6LeA==",
            "license": "MIT",
            "peer": true,
            "engines": {
                "node": ">=0.6.0"
            }
        },
        "node_modules/yaml": {
            "version": "2.9.0",
            "resolved": "https://registry.npmjs.org/yaml/-/yaml-2.9.0.tgz",
            "integrity": "sha512-2AvhNX3mb8zd6Zy7INTtSpl1F15HW6Wnqj0srWlkKLcpYl/gMIMJiyuGq2KeI2YFxUPjdlB+3Lc10seMLtL4cA==",
            "license": "ISC",
            "peer": true,
            "bin": {
                "yaml": "bin.mjs"
            },
            "engines": {
                "node": ">= 14.6"
            },
            "funding": {
                "url": "https://github.com/sponsors/eemeli"
            }
        }
    }
}
