{
    "name": "@plurnk/plurnk-mimetypes-text-html",
    "version": "0.3.0",
    "lockfileVersion": 3,
    "requires": true,
    "packages": {
        "": {
            "name": "@plurnk/plurnk-mimetypes-text-html",
            "version": "0.3.0",
            "license": "MIT",
            "dependencies": {
                "@plurnk/plurnk-mimetypes": "^0.5.0",
                "@xmldom/xmldom": "^0.9.10",
                "parse5": "^8.0.1",
                "xpath": "^0.0.34"
            },
            "devDependencies": {
                "@types/node": "^25.8.0",
                "typescript": "^6.0.3"
            },
            "engines": {
                "node": ">=25"
            }
        },
        "node_modules/@plurnk/plurnk-mimetypes": {
            "version": "0.5.0",
            "resolved": "https://registry.npmjs.org/@plurnk/plurnk-mimetypes/-/plurnk-mimetypes-0.5.0.tgz",
            "integrity": "sha512-sEMq9tJFIASCGCB9i1XE+At6Y/T0k/6RTg+YAeaG+kAhszomLL6e5nVadX+d9Av46WCrAnT8ss/Uv8wwgTrfGw==",
            "license": "MIT",
            "workspaces": [
                "languages/*"
            ],
            "bin": {
                "plurnk-mimetypes-compile": "bin/plurnk-mimetypes-compile.js"
            },
            "engines": {
                "node": ">=25"
            },
            "peerDependencies": {
                "antlr-ng": "^1.0.10",
                "antlr4ng": "^3.0.0"
            },
            "peerDependenciesMeta": {
                "antlr-ng": {
                    "optional": true
                },
                "antlr4ng": {
                    "optional": true
                }
            }
        },
        "node_modules/@types/node": {
            "version": "25.9.1",
            "resolved": "https://registry.npmjs.org/@types/node/-/node-25.9.1.tgz",
            "integrity": "sha512-xfrlY7UD5rMJk3ZVJP8BNzS28J36YJg+xp+LPXV1TdWxr8uMH5A860QNxYDGQe/ylDSgjxE52Q9VnO7p75tJxg==",
            "dev": true,
            "license": "MIT",
            "dependencies": {
                "undici-types": ">=7.24.0 <7.24.7"
            }
        },
        "node_modules/@xmldom/xmldom": {
            "version": "0.9.10",
            "resolved": "https://registry.npmjs.org/@xmldom/xmldom/-/xmldom-0.9.10.tgz",
            "integrity": "sha512-A9gOqLdi6cV4ibazAjcQufGj0B1y/vDqYrcuP6d/6x8P27gRS8643Dj9o1dEKtB6O7fwxb2FgBmJS2mX7gpvdw==",
            "license": "MIT",
            "engines": {
                "node": ">=14.6"
            }
        },
        "node_modules/entities": {
            "version": "8.0.0",
            "resolved": "https://registry.npmjs.org/entities/-/entities-8.0.0.tgz",
            "integrity": "sha512-zwfzJecQ/Uej6tusMqwAqU/6KL2XaB2VZ2Jg54Je6ahNBGNH6Ek6g3jjNCF0fG9EWQKGZNddNjU5F1ZQn/sBnA==",
            "license": "BSD-2-Clause",
            "engines": {
                "node": ">=20.19.0"
            },
            "funding": {
                "url": "https://github.com/fb55/entities?sponsor=1"
            }
        },
        "node_modules/parse5": {
            "version": "8.0.1",
            "resolved": "https://registry.npmjs.org/parse5/-/parse5-8.0.1.tgz",
            "integrity": "sha512-z1e/HMG90obSGeidlli3hj7cbocou0/wa5HacvI3ASx34PecNjNQeaHNo5WIZpWofN9kgkqV1q5YvXe3F0FoPw==",
            "license": "MIT",
            "dependencies": {
                "entities": "^8.0.0"
            },
            "funding": {
                "url": "https://github.com/inikulin/parse5?sponsor=1"
            }
        },
        "node_modules/typescript": {
            "version": "6.0.3",
            "resolved": "https://registry.npmjs.org/typescript/-/typescript-6.0.3.tgz",
            "integrity": "sha512-y2TvuxSZPDyQakkFRPZHKFm+KKVqIisdg9/CZwm9ftvKXLP8NRWj38/ODjNbr43SsoXqNuAisEf1GdCxqWcdBw==",
            "dev": true,
            "license": "Apache-2.0",
            "bin": {
                "tsc": "bin/tsc",
                "tsserver": "bin/tsserver"
            },
            "engines": {
                "node": ">=14.17"
            }
        },
        "node_modules/undici-types": {
            "version": "7.24.6",
            "resolved": "https://registry.npmjs.org/undici-types/-/undici-types-7.24.6.tgz",
            "integrity": "sha512-WRNW+sJgj5OBN4/0JpHFqtqzhpbnV0GuB+OozA9gCL7a993SmU+1JBZCzLNxYsbMfIeDL+lTsphD5jN5N+n0zg==",
            "dev": true,
            "license": "MIT"
        },
        "node_modules/xpath": {
            "version": "0.0.34",
            "resolved": "https://registry.npmjs.org/xpath/-/xpath-0.0.34.tgz",
            "integrity": "sha512-FxF6+rkr1rNSQrhUNYrAFJpRXNzlDoMxeXN5qI84939ylEv3qqPFKa85Oxr6tDaJKqwW6KKyo2v26TSv3k6LeA==",
            "license": "MIT",
            "engines": {
                "node": ">=0.6.0"
            }
        }
    }
}
