{
    "name": "@plurnk/plurnk-mimetypes-text-dotenv",
    "version": "0.1.1",
    "lockfileVersion": 3,
    "requires": true,
    "packages": {
        "": {
            "name": "@plurnk/plurnk-mimetypes-text-dotenv",
            "version": "0.1.1",
            "license": "MIT",
            "devDependencies": {
                "@plurnk/plurnk-mimetypes": "^0.15.28",
                "@types/node": "^26.0.0",
                "typescript": "^6.0.3"
            },
            "engines": {
                "node": ">=26"
            },
            "peerDependencies": {
                "@plurnk/plurnk-mimetypes": "^0.15.0"
            }
        },
        "node_modules/@jsep-plugin/assignment": {
            "version": "1.3.0",
            "resolved": "https://registry.npmjs.org/@jsep-plugin/assignment/-/assignment-1.3.0.tgz",
            "integrity": "sha512-VVgV+CXrhbMI3aSusQyclHkenWSAm95WaiKrMxRFam3JSUiIaQjoMIw2sEs/OX4XifnqeQUN4DYbJjlA8EfktQ==",
            "dev": true,
            "license": "MIT",
            "engines": {
                "node": ">= 10.16.0"
            },
            "peerDependencies": {
                "jsep": "^0.4.0||^1.0.0"
            }
        },
        "node_modules/@jsep-plugin/regex": {
            "version": "1.0.4",
            "resolved": "https://registry.npmjs.org/@jsep-plugin/regex/-/regex-1.0.4.tgz",
            "integrity": "sha512-q7qL4Mgjs1vByCaTnDFcBnV9HS7GVPJX5vyVoCgZHNSC9rjwIlmbXG5sUuorR5ndfHAIlJ8pVStxvjXHbNvtUg==",
            "dev": true,
            "license": "MIT",
            "engines": {
                "node": ">= 10.16.0"
            },
            "peerDependencies": {
                "jsep": "^0.4.0||^1.0.0"
            }
        },
        "node_modules/@mixmark-io/domino": {
            "version": "2.2.0",
            "resolved": "https://registry.npmjs.org/@mixmark-io/domino/-/domino-2.2.0.tgz",
            "integrity": "sha512-Y28PR25bHXUg88kCV7nivXrP2Nj2RueZ3/l/jdx6J9f8J4nsEGcgX0Qe6lt7Pa+J79+kPiJU3LguR6O/6zrLOw==",
            "dev": true,
            "license": "BSD-2-Clause"
        },
        "node_modules/@mozilla/readability": {
            "version": "0.6.0",
            "resolved": "https://registry.npmjs.org/@mozilla/readability/-/readability-0.6.0.tgz",
            "integrity": "sha512-juG5VWh4qAivzTAeMzvY9xs9HY5rAcr2E4I7tiSSCokRFi7XIZCAu92ZkSTsIj1OPceCifL3cpfteP3pDT9/QQ==",
            "dev": true,
            "license": "Apache-2.0",
            "engines": {
                "node": ">=14.0.0"
            }
        },
        "node_modules/@plurnk/plurnk-mimetypes": {
            "version": "0.15.28",
            "resolved": "https://registry.npmjs.org/@plurnk/plurnk-mimetypes/-/plurnk-mimetypes-0.15.28.tgz",
            "integrity": "sha512-7pUNwG7V9VdU/biO5bWeq9hcIUqUZxiNW/zEixbsvRwvsMUbZ+1lYXdH3ANxwmykT2H5KOoFf/J+0YR6yE+bMg==",
            "dev": true,
            "license": "MIT",
            "dependencies": {
                "@plurnk/plurnk-mimetypes-application-json": "0.5.3",
                "@plurnk/plurnk-mimetypes-application-xml": "0.1.3",
                "@plurnk/plurnk-mimetypes-text-csv": "0.4.3",
                "@plurnk/plurnk-mimetypes-text-html": "0.6.4",
                "@plurnk/plurnk-mimetypes-text-markdown": "0.6.4",
                "@plurnk/plurnk-mimetypes-text-plain": "0.7.3",
                "@xmldom/xmldom": "^0.9.10",
                "antlr4ng": "^3.0.16",
                "jsonpath-plus": "^10.4.0",
                "smol-toml": "^1.6.1",
                "web-tree-sitter": "^0.26.9",
                "xpath": "^0.0.34",
                "yaml": "^2.9.0"
            },
            "bin": {
                "plurnk-mimetypes-compile": "bin/plurnk-mimetypes-compile.js"
            },
            "engines": {
                "node": ">=26"
            },
            "peerDependencies": {
                "antlr-ng": "^1.0.10"
            },
            "peerDependenciesMeta": {
                "antlr-ng": {
                    "optional": true
                }
            }
        },
        "node_modules/@plurnk/plurnk-mimetypes-application-json": {
            "version": "0.5.3",
            "resolved": "https://registry.npmjs.org/@plurnk/plurnk-mimetypes-application-json/-/plurnk-mimetypes-application-json-0.5.3.tgz",
            "integrity": "sha512-/y7QMsTjupP2cFelDfDCy+SlrQV0sBO9mR7poJHYWgZdtIkYS6IRtIwbCYUTzoBqt3/q6+wcUIxK37PDjz/YJg==",
            "dev": true,
            "license": "MIT",
            "dependencies": {
                "jsonc-parser": "^3.3.1"
            },
            "engines": {
                "node": ">=26"
            },
            "peerDependencies": {
                "@plurnk/plurnk-mimetypes": "^0.15.0"
            }
        },
        "node_modules/@plurnk/plurnk-mimetypes-application-xml": {
            "version": "0.1.3",
            "resolved": "https://registry.npmjs.org/@plurnk/plurnk-mimetypes-application-xml/-/plurnk-mimetypes-application-xml-0.1.3.tgz",
            "integrity": "sha512-1kq37RBi4sy/6BHHbi3n5hDqMUx/97d4Y95JAwTVg2n8N4SXH30eQr913bNj4CCXUdoo2OPLlGUcThC/4RN0Rw==",
            "dev": true,
            "license": "MIT",
            "dependencies": {
                "@xmldom/xmldom": "^0.9.10",
                "xpath": "^0.0.34"
            },
            "engines": {
                "node": ">=26"
            },
            "peerDependencies": {
                "@plurnk/plurnk-mimetypes": "^0.15.0"
            }
        },
        "node_modules/@plurnk/plurnk-mimetypes-text-csv": {
            "version": "0.4.3",
            "resolved": "https://registry.npmjs.org/@plurnk/plurnk-mimetypes-text-csv/-/plurnk-mimetypes-text-csv-0.4.3.tgz",
            "integrity": "sha512-pisLO8F+c/A1ByXosvJf5zHZ8SVLS+kb/6aL4KPRAEpdek6x8vSgBNbtPUzJLxrK5+vqhPOJrUfBhLLr51o4IQ==",
            "dev": true,
            "license": "MIT",
            "engines": {
                "node": ">=26"
            },
            "peerDependencies": {
                "@plurnk/plurnk-mimetypes": "^0.15.0"
            }
        },
        "node_modules/@plurnk/plurnk-mimetypes-text-html": {
            "version": "0.6.4",
            "resolved": "https://registry.npmjs.org/@plurnk/plurnk-mimetypes-text-html/-/plurnk-mimetypes-text-html-0.6.4.tgz",
            "integrity": "sha512-iBLts5DaZled+yZshIAvwSKsND2HXteLy5K7yqZOp0dOm5RNHE3YHcALycmkQ70P4nIq6b+Kxdi6iQSSWNuSrA==",
            "dev": true,
            "license": "MIT",
            "dependencies": {
                "@mozilla/readability": "^0.6.0",
                "@xmldom/xmldom": "^0.9.10",
                "linkedom": "^0.18.12",
                "parse5": "^8.0.1",
                "turndown": "^7.2.4",
                "xpath": "^0.0.34"
            },
            "engines": {
                "node": ">=26"
            },
            "peerDependencies": {
                "@plurnk/plurnk-mimetypes": "^0.15.10"
            }
        },
        "node_modules/@plurnk/plurnk-mimetypes-text-markdown": {
            "version": "0.6.4",
            "resolved": "https://registry.npmjs.org/@plurnk/plurnk-mimetypes-text-markdown/-/plurnk-mimetypes-text-markdown-0.6.4.tgz",
            "integrity": "sha512-mH/Y8UWYXbpKKcgnWjQIR0dxLj4C6bhxRSMLHvqMsLf3jTcjUdK2QiJMG980T7ct/XKjOlEcSE+OX8qIk8hxqw==",
            "dev": true,
            "license": "MIT",
            "dependencies": {
                "marked": "^18.0.5"
            },
            "engines": {
                "node": ">=26"
            },
            "peerDependencies": {
                "@plurnk/plurnk-mimetypes": "^0.15.0"
            }
        },
        "node_modules/@plurnk/plurnk-mimetypes-text-plain": {
            "version": "0.7.3",
            "resolved": "https://registry.npmjs.org/@plurnk/plurnk-mimetypes-text-plain/-/plurnk-mimetypes-text-plain-0.7.3.tgz",
            "integrity": "sha512-CmdJP8ge3jxuf2ixiwh6z/gbtyji99Ufk8uVa+513jdhPoyZitpPHPw5T8ZnV9S0CuyD2iAYhNEYGg8j5OpRXA==",
            "dev": true,
            "license": "MIT",
            "engines": {
                "node": ">=26"
            },
            "peerDependencies": {
                "@plurnk/plurnk-mimetypes": "^0.15.0"
            }
        },
        "node_modules/@types/node": {
            "version": "26.0.1",
            "resolved": "https://registry.npmjs.org/@types/node/-/node-26.0.1.tgz",
            "integrity": "sha512-fc3KiUoBt6kie0N9bIW3E47vZsuaMf0PM2AaUpLCLT0s/LvX1nxAim6Fc049cNxODPpGm6qRAuUOB86SkRuPQw==",
            "dev": true,
            "license": "MIT",
            "dependencies": {
                "undici-types": "~8.3.0"
            }
        },
        "node_modules/@xmldom/xmldom": {
            "version": "0.9.10",
            "resolved": "https://registry.npmjs.org/@xmldom/xmldom/-/xmldom-0.9.10.tgz",
            "integrity": "sha512-A9gOqLdi6cV4ibazAjcQufGj0B1y/vDqYrcuP6d/6x8P27gRS8643Dj9o1dEKtB6O7fwxb2FgBmJS2mX7gpvdw==",
            "dev": true,
            "license": "MIT",
            "engines": {
                "node": ">=14.6"
            }
        },
        "node_modules/antlr4ng": {
            "version": "3.0.16",
            "resolved": "https://registry.npmjs.org/antlr4ng/-/antlr4ng-3.0.16.tgz",
            "integrity": "sha512-DQuJkC7kX3xunfF4K2KsWTSvoxxslv+FQp/WHQZTJSsH2Ec3QfFmrxC3Nky2ok9yglXn6nHM4zUaVDxcN5f6kA==",
            "dev": true,
            "license": "BSD-3-Clause"
        },
        "node_modules/boolbase": {
            "version": "1.0.0",
            "resolved": "https://registry.npmjs.org/boolbase/-/boolbase-1.0.0.tgz",
            "integrity": "sha512-JZOSA7Mo9sNGB8+UjSgzdLtokWAky1zbztM3WRLCbZ70/3cTANmQmOdR7y2g+J0e2WXywy1yS468tY+IruqEww==",
            "dev": true,
            "license": "ISC"
        },
        "node_modules/css-select": {
            "version": "5.2.2",
            "resolved": "https://registry.npmjs.org/css-select/-/css-select-5.2.2.tgz",
            "integrity": "sha512-TizTzUddG/xYLA3NXodFM0fSbNizXjOKhqiQQwvhlspadZokn1KDy0NZFS0wuEubIYAV5/c1/lAr0TaaFXEXzw==",
            "dev": true,
            "license": "BSD-2-Clause",
            "dependencies": {
                "boolbase": "^1.0.0",
                "css-what": "^6.1.0",
                "domhandler": "^5.0.2",
                "domutils": "^3.0.1",
                "nth-check": "^2.0.1"
            },
            "funding": {
                "url": "https://github.com/sponsors/fb55"
            }
        },
        "node_modules/css-what": {
            "version": "6.2.2",
            "resolved": "https://registry.npmjs.org/css-what/-/css-what-6.2.2.tgz",
            "integrity": "sha512-u/O3vwbptzhMs3L1fQE82ZSLHQQfto5gyZzwteVIEyeaY5Fc7R4dapF/BvRoSYFeqfBk4m0V1Vafq5Pjv25wvA==",
            "dev": true,
            "license": "BSD-2-Clause",
            "engines": {
                "node": ">= 6"
            },
            "funding": {
                "url": "https://github.com/sponsors/fb55"
            }
        },
        "node_modules/cssom": {
            "version": "0.5.0",
            "resolved": "https://registry.npmjs.org/cssom/-/cssom-0.5.0.tgz",
            "integrity": "sha512-iKuQcq+NdHqlAcwUY0o/HL69XQrUaQdMjmStJ8JFmUaiiQErlhrmuigkg/CU4E2J0IyUKUrMAgl36TvN67MqTw==",
            "dev": true,
            "license": "MIT"
        },
        "node_modules/dom-serializer": {
            "version": "2.0.0",
            "resolved": "https://registry.npmjs.org/dom-serializer/-/dom-serializer-2.0.0.tgz",
            "integrity": "sha512-wIkAryiqt/nV5EQKqQpo3SToSOV9J0DnbJqwK7Wv/Trc92zIAYZ4FlMu+JPFW1DfGFt81ZTCGgDEabffXeLyJg==",
            "dev": true,
            "license": "MIT",
            "dependencies": {
                "domelementtype": "^2.3.0",
                "domhandler": "^5.0.2",
                "entities": "^4.2.0"
            },
            "funding": {
                "url": "https://github.com/cheeriojs/dom-serializer?sponsor=1"
            }
        },
        "node_modules/domelementtype": {
            "version": "2.3.0",
            "resolved": "https://registry.npmjs.org/domelementtype/-/domelementtype-2.3.0.tgz",
            "integrity": "sha512-OLETBj6w0OsagBwdXnPdN0cnMfF9opN69co+7ZrbfPGrdpPVNBUj02spi6B1N7wChLQiPn4CSH/zJvXw56gmHw==",
            "dev": true,
            "funding": [
                {
                    "type": "github",
                    "url": "https://github.com/sponsors/fb55"
                }
            ],
            "license": "BSD-2-Clause"
        },
        "node_modules/domhandler": {
            "version": "5.0.3",
            "resolved": "https://registry.npmjs.org/domhandler/-/domhandler-5.0.3.tgz",
            "integrity": "sha512-cgwlv/1iFQiFnU96XXgROh8xTeetsnJiDsTc7TYCLFd9+/WNkIqPTxiM/8pSd8VIrhXGTf1Ny1q1hquVqDJB5w==",
            "dev": true,
            "license": "BSD-2-Clause",
            "dependencies": {
                "domelementtype": "^2.3.0"
            },
            "engines": {
                "node": ">= 4"
            },
            "funding": {
                "url": "https://github.com/fb55/domhandler?sponsor=1"
            }
        },
        "node_modules/domutils": {
            "version": "3.2.2",
            "resolved": "https://registry.npmjs.org/domutils/-/domutils-3.2.2.tgz",
            "integrity": "sha512-6kZKyUajlDuqlHKVX1w7gyslj9MPIXzIFiz/rGu35uC1wMi+kMhQwGhl4lt9unC9Vb9INnY9Z3/ZA3+FhASLaw==",
            "dev": true,
            "license": "BSD-2-Clause",
            "dependencies": {
                "dom-serializer": "^2.0.0",
                "domelementtype": "^2.3.0",
                "domhandler": "^5.0.3"
            },
            "funding": {
                "url": "https://github.com/fb55/domutils?sponsor=1"
            }
        },
        "node_modules/entities": {
            "version": "4.5.0",
            "resolved": "https://registry.npmjs.org/entities/-/entities-4.5.0.tgz",
            "integrity": "sha512-V0hjH4dGPh9Ao5p0MoRY6BVqtwCjhz6vI5LT8AJ55H+4g9/4vbHx1I54fS0XuclLhDHArPQCiMjDxjaL8fPxhw==",
            "dev": true,
            "license": "BSD-2-Clause",
            "engines": {
                "node": ">=0.12"
            },
            "funding": {
                "url": "https://github.com/fb55/entities?sponsor=1"
            }
        },
        "node_modules/html-escaper": {
            "version": "3.0.3",
            "resolved": "https://registry.npmjs.org/html-escaper/-/html-escaper-3.0.3.tgz",
            "integrity": "sha512-RuMffC89BOWQoY0WKGpIhn5gX3iI54O6nRA0yC124NYVtzjmFWBIiFd8M0x+ZdX0P9R4lADg1mgP8C7PxGOWuQ==",
            "dev": true,
            "license": "MIT"
        },
        "node_modules/htmlparser2": {
            "version": "10.1.0",
            "resolved": "https://registry.npmjs.org/htmlparser2/-/htmlparser2-10.1.0.tgz",
            "integrity": "sha512-VTZkM9GWRAtEpveh7MSF6SjjrpNVNNVJfFup7xTY3UpFtm67foy9HDVXneLtFVt4pMz5kZtgNcvCniNFb1hlEQ==",
            "dev": true,
            "funding": [
                "https://github.com/fb55/htmlparser2?sponsor=1",
                {
                    "type": "github",
                    "url": "https://github.com/sponsors/fb55"
                }
            ],
            "license": "MIT",
            "dependencies": {
                "domelementtype": "^2.3.0",
                "domhandler": "^5.0.3",
                "domutils": "^3.2.2",
                "entities": "^7.0.1"
            }
        },
        "node_modules/htmlparser2/node_modules/entities": {
            "version": "7.0.1",
            "resolved": "https://registry.npmjs.org/entities/-/entities-7.0.1.tgz",
            "integrity": "sha512-TWrgLOFUQTH994YUyl1yT4uyavY5nNB5muff+RtWaqNVCAK408b5ZnnbNAUEWLTCpum9w6arT70i1XdQ4UeOPA==",
            "dev": true,
            "license": "BSD-2-Clause",
            "engines": {
                "node": ">=0.12"
            },
            "funding": {
                "url": "https://github.com/fb55/entities?sponsor=1"
            }
        },
        "node_modules/jsep": {
            "version": "1.4.0",
            "resolved": "https://registry.npmjs.org/jsep/-/jsep-1.4.0.tgz",
            "integrity": "sha512-B7qPcEVE3NVkmSJbaYxvv4cHkVW7DQsZz13pUMrfS8z8Q/BuShN+gcTXrUlPiGqM2/t/EEaI030bpxMqY8gMlw==",
            "dev": true,
            "license": "MIT",
            "engines": {
                "node": ">= 10.16.0"
            }
        },
        "node_modules/jsonc-parser": {
            "version": "3.3.1",
            "resolved": "https://registry.npmjs.org/jsonc-parser/-/jsonc-parser-3.3.1.tgz",
            "integrity": "sha512-HUgH65KyejrUFPvHFPbqOY0rsFip3Bo5wb4ngvdi1EpCYWUQDC5V+Y7mZws+DLkr4M//zQJoanu1SP+87Dv1oQ==",
            "dev": true,
            "license": "MIT"
        },
        "node_modules/jsonpath-plus": {
            "version": "10.4.0",
            "resolved": "https://registry.npmjs.org/jsonpath-plus/-/jsonpath-plus-10.4.0.tgz",
            "integrity": "sha512-T92WWatJXmhBbKsgH/0hl+jxjdXrifi5IKeMY02DWggRxX0UElcbVzPlmgLTbvsPeW1PasQ6xE2Q75stkhGbsA==",
            "dev": true,
            "license": "MIT",
            "dependencies": {
                "@jsep-plugin/assignment": "^1.3.0",
                "@jsep-plugin/regex": "^1.0.4",
                "jsep": "^1.4.0"
            },
            "bin": {
                "jsonpath": "bin/jsonpath-cli.js",
                "jsonpath-plus": "bin/jsonpath-cli.js"
            },
            "engines": {
                "node": ">=18.0.0"
            }
        },
        "node_modules/linkedom": {
            "version": "0.18.12",
            "resolved": "https://registry.npmjs.org/linkedom/-/linkedom-0.18.12.tgz",
            "integrity": "sha512-jalJsOwIKuQJSeTvsgzPe9iJzyfVaEJiEXl+25EkKevsULHvMJzpNqwvj1jOESWdmgKDiXObyjOYwlUqG7wo1Q==",
            "dev": true,
            "license": "ISC",
            "dependencies": {
                "css-select": "^5.1.0",
                "cssom": "^0.5.0",
                "html-escaper": "^3.0.3",
                "htmlparser2": "^10.0.0",
                "uhyphen": "^0.2.0"
            },
            "engines": {
                "node": ">=16"
            },
            "peerDependencies": {
                "canvas": ">= 2"
            },
            "peerDependenciesMeta": {
                "canvas": {
                    "optional": true
                }
            }
        },
        "node_modules/marked": {
            "version": "18.0.5",
            "resolved": "https://registry.npmjs.org/marked/-/marked-18.0.5.tgz",
            "integrity": "sha512-S6GcvALHg6K4ohtu4E7x0a1AqhAjp6cV8KhLSyN9qVapnzJkusVBxZRcIU9AeYsbe6P1hKDusSbEOzGyyuce6w==",
            "dev": true,
            "license": "MIT",
            "bin": {
                "marked": "bin/marked.js"
            },
            "engines": {
                "node": ">= 20"
            }
        },
        "node_modules/nth-check": {
            "version": "2.1.1",
            "resolved": "https://registry.npmjs.org/nth-check/-/nth-check-2.1.1.tgz",
            "integrity": "sha512-lqjrjmaOoAnWfMmBPL+XNnynZh2+swxiX3WUE0s4yEHI6m+AwrK2UZOimIRl3X/4QctVqS8AiZjFqyOGrMXb/w==",
            "dev": true,
            "license": "BSD-2-Clause",
            "dependencies": {
                "boolbase": "^1.0.0"
            },
            "funding": {
                "url": "https://github.com/fb55/nth-check?sponsor=1"
            }
        },
        "node_modules/parse5": {
            "version": "8.0.1",
            "resolved": "https://registry.npmjs.org/parse5/-/parse5-8.0.1.tgz",
            "integrity": "sha512-z1e/HMG90obSGeidlli3hj7cbocou0/wa5HacvI3ASx34PecNjNQeaHNo5WIZpWofN9kgkqV1q5YvXe3F0FoPw==",
            "dev": true,
            "license": "MIT",
            "dependencies": {
                "entities": "^8.0.0"
            },
            "funding": {
                "url": "https://github.com/inikulin/parse5?sponsor=1"
            }
        },
        "node_modules/parse5/node_modules/entities": {
            "version": "8.0.0",
            "resolved": "https://registry.npmjs.org/entities/-/entities-8.0.0.tgz",
            "integrity": "sha512-zwfzJecQ/Uej6tusMqwAqU/6KL2XaB2VZ2Jg54Je6ahNBGNH6Ek6g3jjNCF0fG9EWQKGZNddNjU5F1ZQn/sBnA==",
            "dev": true,
            "license": "BSD-2-Clause",
            "engines": {
                "node": ">=20.19.0"
            },
            "funding": {
                "url": "https://github.com/fb55/entities?sponsor=1"
            }
        },
        "node_modules/smol-toml": {
            "version": "1.6.1",
            "resolved": "https://registry.npmjs.org/smol-toml/-/smol-toml-1.6.1.tgz",
            "integrity": "sha512-dWUG8F5sIIARXih1DTaQAX4SsiTXhInKf1buxdY9DIg4ZYPZK5nGM1VRIYmEbDbsHt7USo99xSLFu5Q1IqTmsg==",
            "dev": true,
            "license": "BSD-3-Clause",
            "engines": {
                "node": ">= 18"
            },
            "funding": {
                "url": "https://github.com/sponsors/cyyynthia"
            }
        },
        "node_modules/turndown": {
            "version": "7.2.4",
            "resolved": "https://registry.npmjs.org/turndown/-/turndown-7.2.4.tgz",
            "integrity": "sha512-I8yFsfRzmzK0WV1pNNOA4A7y4RDfFxPRxb3t+e3ui14qSGOxGtiSP6GjeX+Y6CHb7HYaFj7ECUD7VE5kQMZWGQ==",
            "dev": true,
            "license": "MIT",
            "dependencies": {
                "@mixmark-io/domino": "^2.2.0"
            },
            "engines": {
                "node": ">=18",
                "npm": ">=9"
            }
        },
        "node_modules/typescript": {
            "version": "6.0.3",
            "resolved": "https://registry.npmjs.org/typescript/-/typescript-6.0.3.tgz",
            "integrity": "sha512-y2TvuxSZPDyQakkFRPZHKFm+KKVqIisdg9/CZwm9ftvKXLP8NRWj38/ODjNbr43SsoXqNuAisEf1GdCxqWcdBw==",
            "dev": true,
            "license": "Apache-2.0",
            "bin": {
                "tsc": "bin/tsc",
                "tsserver": "bin/tsserver"
            },
            "engines": {
                "node": ">=14.17"
            }
        },
        "node_modules/uhyphen": {
            "version": "0.2.0",
            "resolved": "https://registry.npmjs.org/uhyphen/-/uhyphen-0.2.0.tgz",
            "integrity": "sha512-qz3o9CHXmJJPGBdqzab7qAYuW8kQGKNEuoHFYrBwV6hWIMcpAmxDLXojcHfFr9US1Pe6zUswEIJIbLI610fuqA==",
            "dev": true,
            "license": "ISC"
        },
        "node_modules/undici-types": {
            "version": "8.3.0",
            "resolved": "https://registry.npmjs.org/undici-types/-/undici-types-8.3.0.tgz",
            "integrity": "sha512-j375ScV60dom+YkPFIfTLcOiPxkN/buHz5GobjLhixFuANaNs3C9l4GmrWqejgXWJ7BbJcFYpTEUkS1Ge8bpZQ==",
            "dev": true,
            "license": "MIT"
        },
        "node_modules/web-tree-sitter": {
            "version": "0.26.9",
            "resolved": "https://registry.npmjs.org/web-tree-sitter/-/web-tree-sitter-0.26.9.tgz",
            "integrity": "sha512-YJwSHANl6XFgeEjB8nitgj0qZYt5gkIesJ4w2srS2wcLB4GUa4xcOkM0YaMsU6WNR53YVIkDSY7Ej4pf3IXtCA==",
            "dev": true,
            "license": "MIT"
        },
        "node_modules/xpath": {
            "version": "0.0.34",
            "resolved": "https://registry.npmjs.org/xpath/-/xpath-0.0.34.tgz",
            "integrity": "sha512-FxF6+rkr1rNSQrhUNYrAFJpRXNzlDoMxeXN5qI84939ylEv3qqPFKa85Oxr6tDaJKqwW6KKyo2v26TSv3k6LeA==",
            "dev": true,
            "license": "MIT",
            "engines": {
                "node": ">=0.6.0"
            }
        },
        "node_modules/yaml": {
            "version": "2.9.0",
            "resolved": "https://registry.npmjs.org/yaml/-/yaml-2.9.0.tgz",
            "integrity": "sha512-2AvhNX3mb8zd6Zy7INTtSpl1F15HW6Wnqj0srWlkKLcpYl/gMIMJiyuGq2KeI2YFxUPjdlB+3Lc10seMLtL4cA==",
            "dev": true,
            "license": "ISC",
            "bin": {
                "yaml": "bin.mjs"
            },
            "engines": {
                "node": ">= 14.6"
            },
            "funding": {
                "url": "https://github.com/sponsors/eemeli"
            }
        }
    }
}
