{
    "name": "@plurnk/plurnk-providers-ollama",
    "version": "0.3.2",
    "lockfileVersion": 3,
    "requires": true,
    "packages": {
        "": {
            "name": "@plurnk/plurnk-providers-ollama",
            "version": "0.3.2",
            "license": "MIT",
            "devDependencies": {
                "@types/node": "^25.9.1",
                "typescript": "^6.0.3"
            },
            "engines": {
                "node": ">=25"
            },
            "peerDependencies": {
                "@plurnk/plurnk-providers": "0.2.x"
            }
        },
        "node_modules/@plurnk/plurnk-providers": {
            "version": "0.2.5",
            "resolved": "https://registry.npmjs.org/@plurnk/plurnk-providers/-/plurnk-providers-0.2.5.tgz",
            "integrity": "sha512-SuFhJNvsSr4WfaWzfkbMucUZlglQYe+5PMsezTbiB5/QNXMSuF2vIn0Y1lLbhj8jKV6ttQK0BKUq86HaJvfiVA==",
            "license": "MIT",
            "peer": true,
            "dependencies": {
                "@plurnk/plurnk-providers-cloudflare": "0.3.2",
                "@plurnk/plurnk-providers-google": "0.3.2",
                "@plurnk/plurnk-providers-ollama": "0.3.2",
                "@plurnk/plurnk-providers-openrouter": "0.3.2",
                "@plurnk/plurnk-providers-xai": "0.3.2",
                "gpt-tokenizer": "^3.4.0",
                "llama-tokenizer-js": "^1.2.2"
            },
            "engines": {
                "node": ">=25"
            }
        },
        "node_modules/@plurnk/plurnk-providers-cloudflare": {
            "version": "0.3.2",
            "resolved": "https://registry.npmjs.org/@plurnk/plurnk-providers-cloudflare/-/plurnk-providers-cloudflare-0.3.2.tgz",
            "integrity": "sha512-xME6PCjURCNck0A9t6YT/oldA97UCzmOq6OA88nyFGFmRTJF7xktYeV0wwzofMorulIsvcUOTm7E0yEoATu9BQ==",
            "license": "MIT",
            "peer": true,
            "engines": {
                "node": ">=25"
            },
            "peerDependencies": {
                "@plurnk/plurnk-providers": "0.2.x"
            }
        },
        "node_modules/@plurnk/plurnk-providers-google": {
            "version": "0.3.2",
            "resolved": "https://registry.npmjs.org/@plurnk/plurnk-providers-google/-/plurnk-providers-google-0.3.2.tgz",
            "integrity": "sha512-ej8AaPqvq+muoiw8z63WdLIrLdHva+O0UGzHpfQNDhprEkY3aqmUjL3vkOsnTU+UUkitMFuILIsIV9bwdR2V+A==",
            "license": "MIT",
            "peer": true,
            "engines": {
                "node": ">=25"
            },
            "peerDependencies": {
                "@plurnk/plurnk-providers": "0.2.x"
            }
        },
        "node_modules/@plurnk/plurnk-providers-ollama": {
            "version": "0.3.2",
            "resolved": "https://registry.npmjs.org/@plurnk/plurnk-providers-ollama/-/plurnk-providers-ollama-0.3.2.tgz",
            "integrity": "sha512-XxePDFhL7eTp6UtgmEaXNCnT8eWbV4MgVeOHrbMi2KgVBFDOEGF1IPC/sFOI5nhdGXf2FxMM7zaq4vZVXRM3Hw==",
            "license": "MIT",
            "peer": true,
            "engines": {
                "node": ">=25"
            },
            "peerDependencies": {
                "@plurnk/plurnk-providers": "0.2.x"
            }
        },
        "node_modules/@plurnk/plurnk-providers-openrouter": {
            "version": "0.3.2",
            "resolved": "https://registry.npmjs.org/@plurnk/plurnk-providers-openrouter/-/plurnk-providers-openrouter-0.3.2.tgz",
            "integrity": "sha512-EeVCZF95S9lVWCN4W5E2mV7hswq/6qOX+FAU0mcocnTLFI5eVKViXt8NnVfXkG2y8iSVgRImf3tQeExnZcAz2A==",
            "license": "MIT",
            "peer": true,
            "engines": {
                "node": ">=25"
            },
            "peerDependencies": {
                "@plurnk/plurnk-providers": "0.2.x"
            }
        },
        "node_modules/@plurnk/plurnk-providers-xai": {
            "version": "0.3.2",
            "resolved": "https://registry.npmjs.org/@plurnk/plurnk-providers-xai/-/plurnk-providers-xai-0.3.2.tgz",
            "integrity": "sha512-bsgS+feIVUixBGslHbWfpuokVvuj0uGa4zk4XGk3iUQAa23n7wqLUQK/vj/95+ZUEKsm6HHw0dm+PM5lx1BbiQ==",
            "license": "MIT",
            "peer": true,
            "engines": {
                "node": ">=25"
            },
            "peerDependencies": {
                "@plurnk/plurnk-providers": "0.2.x"
            }
        },
        "node_modules/@types/node": {
            "version": "25.9.1",
            "resolved": "https://registry.npmjs.org/@types/node/-/node-25.9.1.tgz",
            "integrity": "sha512-xfrlY7UD5rMJk3ZVJP8BNzS28J36YJg+xp+LPXV1TdWxr8uMH5A860QNxYDGQe/ylDSgjxE52Q9VnO7p75tJxg==",
            "dev": true,
            "license": "MIT",
            "dependencies": {
                "undici-types": ">=7.24.0 <7.24.7"
            }
        },
        "node_modules/gpt-tokenizer": {
            "version": "3.4.0",
            "resolved": "https://registry.npmjs.org/gpt-tokenizer/-/gpt-tokenizer-3.4.0.tgz",
            "integrity": "sha512-wxFLnhIXTDjYebd9A9pGl3e31ZpSypbpIJSOswbgop5jLte/AsZVDvjlbEuVFlsqZixVKqbcoNmRlFDf6pz/UQ==",
            "license": "MIT",
            "peer": true
        },
        "node_modules/llama-tokenizer-js": {
            "version": "1.2.2",
            "resolved": "https://registry.npmjs.org/llama-tokenizer-js/-/llama-tokenizer-js-1.2.2.tgz",
            "integrity": "sha512-Wmth393dc3odWU3IzARJ3r2oIfWgw9GdJ5Gm+hGhfECNO18UHLRqEFSf511jn4E9KcQGzuuKw4Wl08pHAemLAw==",
            "license": "MIT",
            "peer": true
        },
        "node_modules/typescript": {
            "version": "6.0.3",
            "resolved": "https://registry.npmjs.org/typescript/-/typescript-6.0.3.tgz",
            "integrity": "sha512-y2TvuxSZPDyQakkFRPZHKFm+KKVqIisdg9/CZwm9ftvKXLP8NRWj38/ODjNbr43SsoXqNuAisEf1GdCxqWcdBw==",
            "dev": true,
            "license": "Apache-2.0",
            "bin": {
                "tsc": "bin/tsc",
                "tsserver": "bin/tsserver"
            },
            "engines": {
                "node": ">=14.17"
            }
        },
        "node_modules/undici-types": {
            "version": "7.24.6",
            "resolved": "https://registry.npmjs.org/undici-types/-/undici-types-7.24.6.tgz",
            "integrity": "sha512-WRNW+sJgj5OBN4/0JpHFqtqzhpbnV0GuB+OozA9gCL7a993SmU+1JBZCzLNxYsbMfIeDL+lTsphD5jN5N+n0zg==",
            "dev": true,
            "license": "MIT"
        }
    }
}
